
Microsoft Visual Studio Solution File, Format Version 12.00
# Visual Studio Version 17
VisualStudioVersion = 17.11.35222.181
MinimumVisualStudioVersion = 10.0.40219.1
Project("{FAE04EC0-301F-11D3-BF4B-00C04F79EFBC}") = "Katona_Roland_241202", "Katona_Roland_241202.csproj", "{79E8B123-7BC5-4031-B704-EDACD488D600}"
EndProject
Global
	GlobalSection(SolutionConfigurationPlatforms) = preSolution
		Debug|Any CPU = Debug|Any CPU
		Release|Any CPU = Release|Any CPU
	EndGlobalSection
	GlobalSection(ProjectConfigurationPlatforms) = postSolution
		{79E8B123-7BC5-4031-B704-EDACD488D600}.Debug|Any CPU.ActiveCfg = Debug|Any CPU
		{79E8B123-7BC5-4031-B704-EDACD488D600}.Debug|Any CPU.Build.0 = Debug|Any CPU
		{79E8B123-7BC5-4031-B704-EDACD488D600}.Release|Any CPU.ActiveCfg = Release|Any CPU
		{79E8B123-7BC5-4031-B704-EDACD488D600}.Release|Any CPU.Build.0 = Release|Any CPU
	EndGlobalSection
	GlobalSection(SolutionProperties) = preSolution
		HideSolutionNode = FALSE
	EndGlobalSection
	GlobalSection(ExtensibilityGlobals) = postSolution
		SolutionGuid = {7C2C71B2-F889-4CCC-92A3-520721CAF8A3}
	EndGlobalSection
EndGlobal
